{
    "_readme": [
        "This file locks the dependencies of your project to a known state",
        "Read more about it at https://getcomposer.org/doc/01-basic-usage.md#installing-dependencies",
        "This file is @generated automatically"
    ],
    "content-hash": "a9c81a6df49f7dedaf5ad307a8507470",
    "packages": [
        {
            "name": "afragen/git-updater-lite",
            "version": "2.5.0",
            "source": {
                "type": "git",
                "url": "https://github.com/afragen/git-updater-lite.git",
                "reference": "44505a74754d5b0b42c3eef00d5bb4477b222a35"
            },
            "dist": {
                "type": "zip",
                "url": "https://api.github.com/repos/afragen/git-updater-lite/zipball/44505a74754d5b0b42c3eef00d5bb4477b222a35",
                "reference": "44505a74754d5b0b42c3eef00d5bb4477b222a35",
                "shasum": ""
            },
            "require": {
                "php": ">=7.4"
            },
            "require-dev": {
                "wp-coding-standards/wpcs": "^3",
                "yoast/phpunit-polyfills": "*"
            },
            "type": "library",
            "autoload": {
                "classmap": [
                    "Lite.php"
                ]
            },
            "notification-url": "https://packagist.org/downloads/",
            "license": [
                "MIT"
            ],
            "authors": [
                {
                    "name": "Andy Fragen",
                    "email": "andy@thefragens.com",
                    "homepage": "https://github.com/afragen/git-updater-lite",
                    "role": "Developer"
                }
            ],
            "description": "A simple class to integrate with Git Updater for standalone plugin/theme updates.",
            "keywords": [
                "package",
                "updater",
                "wordpress"
            ],
            "support": {
                "issues": "https://github.com/afragen/git-updater-lite/issues",
                "source": "https://github.com/afragen/git-updater-lite/tree/2.5.0"
            },
            "funding": [
                {
                    "url": "https://github.com/afragen",
                    "type": "github"
                }
            ],
            "time": "2025-12-14T22:38:56+00:00"
        }
    ],
    "packages-dev": [],
    "aliases": [],
    "minimum-stability": "stable",
    "stability-flags": {},
    "prefer-stable": false,
    "prefer-lowest": false,
    "platform": {},
    "platform-dev": {},
    "plugin-api-version": "2.9.0"
}
