{
    "_readme": [
        "This file locks the dependencies of your project to a known state",
        "Read more about it at https://getcomposer.org/doc/01-basic-usage.md#installing-dependencies",
        "This file is @generated automatically"
    ],
    "content-hash": "30e91453ea052917f3e631f8c128e74a",
    "packages": [
        {
            "name": "afragen/git-updater-lite",
            "version": "1.4.0",
            "source": {
                "type": "git",
                "url": "https://github.com/afragen/git-updater-lite.git",
                "reference": "5648abbacb4f442df9e3e42ec7680ba456f31338"
            },
            "dist": {
                "type": "zip",
                "url": "https://api.github.com/repos/afragen/git-updater-lite/zipball/5648abbacb4f442df9e3e42ec7680ba456f31338",
                "reference": "5648abbacb4f442df9e3e42ec7680ba456f31338",
                "shasum": ""
            },
            "require": {
                "php": ">=8.0"
            },
            "type": "library",
            "autoload": {
                "classmap": [
                    "Lite.php"
                ]
            },
            "notification-url": "https://packagist.org/downloads/",
            "license": [
                "MIT"
            ],
            "authors": [
                {
                    "name": "Andy Fragen",
                    "email": "andy@thefragens.com",
                    "homepage": "https://github.com/afragen/git-updater-lite",
                    "role": "Developer"
                }
            ],
            "description": "A simple class to integrate with Git Updater for standalone plugin/theme updates.",
            "keywords": [
                "plugin",
                "theme",
                "updater",
                "wordpress"
            ],
            "support": {
                "issues": "https://github.com/afragen/git-updater-lite/issues",
                "source": "https://github.com/afragen/git-updater-lite/tree/1.4.0"
            },
            "time": "2024-12-29T20:50:00+00:00"
        }
    ],
    "packages-dev": [],
    "aliases": [],
    "minimum-stability": "stable",
    "stability-flags": {},
    "prefer-stable": false,
    "prefer-lowest": false,
    "platform": {},
    "platform-dev": {},
    "plugin-api-version": "2.6.0"
}
